
Microsoft Visual Studio Solution File, Format Version 12.00
# Visual Studio Version 16
VisualStudioVersion = 16.0.31911.196
MinimumVisualStudioVersion = 10.0.40219.1
Project("{FAE04EC0-301F-11D3-BF4B-00C04F79EFBC}") = "Border", "Border.csproj", "{8DD24A67-50F2-44B9-9514-D9A1C73E3E9A}"
EndProject
Global
	GlobalSection(SolutionConfigurationPlatforms) = preSolution
		Debug|Any CPU = Debug|Any CPU
		Release|Any CPU = Release|Any CPU
	EndGlobalSection
	GlobalSection(ProjectConfigurationPlatforms) = postSolution
		{8DD24A67-50F2-44B9-9514-D9A1C73E3E9A}.Debug|Any CPU.ActiveCfg = Debug|Any CPU
		{8DD24A67-50F2-44B9-9514-D9A1C73E3E9A}.Debug|Any CPU.Build.0 = Debug|Any CPU
		{8DD24A67-50F2-44B9-9514-D9A1C73E3E9A}.Release|Any CPU.ActiveCfg = Release|Any CPU
		{8DD24A67-50F2-44B9-9514-D9A1C73E3E9A}.Release|Any CPU.Build.0 = Release|Any CPU
	EndGlobalSection
	GlobalSection(SolutionProperties) = preSolution
		HideSolutionNode = FALSE
	EndGlobalSection
	GlobalSection(ExtensibilityGlobals) = postSolution
		SolutionGuid = {59B37E70-EDCE-44C6-B4C8-4FDAA3EB6071}
	EndGlobalSection
EndGlobal
